
Microsoft Visual Studio Solution File, Format Version 12.00
# Visual Studio Version 16
VisualStudioVersion = 16.0.31112.23
MinimumVisualStudioVersion = 10.0.40219.1
Project("{9A19103F-16F7-4668-BE54-9A1E7A4F7556}") = "ResizeImage.WASM", "ResizeImage.WASM\ResizeImage.WASM.csproj", "{4F37E31D-C628-4AA9-842D-A06B18E96195}"
EndProject
Project("{2150E333-8FDC-42A3-9474-1A3956D46DE8}") = "Solution Items", "Solution Items", "{5EAAE63E-6AC2-4EFC-B30F-79A729605D21}"
	ProjectSection(SolutionItems) = preProject
		README.md = README.md
	EndProjectSection
EndProject
Global
	GlobalSection(SolutionConfigurationPlatforms) = preSolution
		Debug|Any CPU = Debug|Any CPU
		Release|Any CPU = Release|Any CPU
	EndGlobalSection
	GlobalSection(ProjectConfigurationPlatforms) = postSolution
		{4F37E31D-C628-4AA9-842D-A06B18E96195}.Debug|Any CPU.ActiveCfg = Debug|Any CPU
		{4F37E31D-C628-4AA9-842D-A06B18E96195}.Debug|Any CPU.Build.0 = Debug|Any CPU
		{4F37E31D-C628-4AA9-842D-A06B18E96195}.Release|Any CPU.ActiveCfg = Release|Any CPU
		{4F37E31D-C628-4AA9-842D-A06B18E96195}.Release|Any CPU.Build.0 = Release|Any CPU
	EndGlobalSection
	GlobalSection(SolutionProperties) = preSolution
		HideSolutionNode = FALSE
	EndGlobalSection
	GlobalSection(ExtensibilityGlobals) = postSolution
		SolutionGuid = {12DD71BB-47E1-4CFA-A35B-71AE9DC36C1D}
	EndGlobalSection
EndGlobal
